annotated-doc==0.0.4
anyio==4.13.0
av==17.0.1
certifi==2026.5.20
click==8.4.1
colorama==0.4.6
ctranslate2==4.7.2
et_xmlfile==2.0.0
faster-whisper==1.2.1
ffmpeg-python==0.2.0
filelock==3.29.0
flatbuffers==25.12.19
fsspec==2026.4.0
future==1.0.0
h11==0.16.0
hf-xet==1.5.0
httpcore==1.0.9
httpx==0.28.1
huggingface_hub==1.17.0
idna==3.18
iniconfig==2.3.0
markdown-it-py==4.2.0
mdurl==0.1.2
numpy==2.4.6
onnxruntime==1.26.0
openpyxl==3.1.5
packaging==26.2
pandas==3.0.3
pluggy==1.6.0
protobuf==7.35.0
Pygments==2.20.0
pytest==9.0.3
python-dateutil==2.9.0.post0
PyYAML==6.0.3
rich==15.0.0
setuptools==82.0.1
shellingham==1.5.4
six==1.17.0
tokenizers==0.23.1
tqdm==4.67.3
typer==0.25.1
typing_extensions==4.15.0
tzdata==2026.2
